// !$*UTF8*$!
{
	archiveVersion = 1;
	classes = {
	};
	objectVersion = 55;
	objects = {

/* Begin PBXBuildFile section */
		35E785F6F983995573C4A8F5 /* Pods_StockTickers.framework in Frameworks */ = {isa = PBXBuildFile; fileRef = C3260F8528B6031BBAD81ABF /* Pods_StockTickers.framework */; };
		5236BEB92856FE8B00466960 /* APIRouter.swift in Sources */ = {isa = PBXBuildFile; fileRef = 5236BEB82856FE8B00466960 /* APIRouter.swift */; };
		5236BEBB2856FECF00466960 /* APIManager.swift in Sources */ = {isa = PBXBuildFile; fileRef = 5236BEBA2856FECF00466960 /* APIManager.swift */; };
		5236BEBE2857030200466960 /* HomeAPIManager.swift in Sources */ = {isa = PBXBuildFile; fileRef = 5236BEBD2857030200466960 /* HomeAPIManager.swift */; };
		5236BEC02857248700466960 /* NewsModel.swift in Sources */ = {isa = PBXBuildFile; fileRef = 5236BEBF2857248700466960 /* NewsModel.swift */; };
		5236BECD2857667100466960 /* StockCell.swift in Sources */ = {isa = PBXBuildFile; fileRef = 5236BECC2857667100466960 /* StockCell.swift */; };
		5236BECF285766CD00466960 /* StockCell.xib in Resources */ = {isa = PBXBuildFile; fileRef = 5236BECE285766CD00466960 /* StockCell.xib */; };
		5236BED228576AFE00466960 /* UIViewAppExt.swift in Sources */ = {isa = PBXBuildFile; fileRef = 5236BED128576AFE00466960 /* UIViewAppExt.swift */; };
		5236BED528576C2200466960 /* HeadLineNewsCell.swift in Sources */ = {isa = PBXBuildFile; fileRef = 5236BED428576C2200466960 /* HeadLineNewsCell.swift */; };
		5236BED728576CB600466960 /* DateAppExt.swift in Sources */ = {isa = PBXBuildFile; fileRef = 5236BED628576CB600466960 /* DateAppExt.swift */; };
		5236BED928576D7F00466960 /* HeadLineNewsCell.xib in Resources */ = {isa = PBXBuildFile; fileRef = 5236BED828576D7F00466960 /* HeadLineNewsCell.xib */; };
		5236BEDC28577DD000466960 /* NewsCell.swift in Sources */ = {isa = PBXBuildFile; fileRef = 5236BEDB28577DD000466960 /* NewsCell.swift */; };
		5236BEDE2857816500466960 /* NewsCell.xib in Resources */ = {isa = PBXBuildFile; fileRef = 5236BEDD2857816500466960 /* NewsCell.xib */; };
		52800C22285834F900CBA7A1 /* ArrayAppExt.swift in Sources */ = {isa = PBXBuildFile; fileRef = 52800C21285834F900CBA7A1 /* ArrayAppExt.swift */; };
		52800C252858351F00CBA7A1 /* DecodableAppExt.swift in Sources */ = {isa = PBXBuildFile; fileRef = 52800C242858351F00CBA7A1 /* DecodableAppExt.swift */; };
		52800C2828583B6A00CBA7A1 /* UIViewControllerAppExt.swift in Sources */ = {isa = PBXBuildFile; fileRef = 52800C2728583B6A00CBA7A1 /* UIViewControllerAppExt.swift */; };
		52C63E1A2856F55500D5AF6C /* AppDelegate.swift in Sources */ = {isa = PBXBuildFile; fileRef = 52C63E192856F55500D5AF6C /* AppDelegate.swift */; };
		52C63E1C2856F55500D5AF6C /* SceneDelegate.swift in Sources */ = {isa = PBXBuildFile; fileRef = 52C63E1B2856F55500D5AF6C /* SceneDelegate.swift */; };
		52C63E1E2856F55500D5AF6C /* ViewController.swift in Sources */ = {isa = PBXBuildFile; fileRef = 52C63E1D2856F55500D5AF6C /* ViewController.swift */; };
		52C63E212856F55500D5AF6C /* Main.storyboard in Resources */ = {isa = PBXBuildFile; fileRef = 52C63E1F2856F55500D5AF6C /* Main.storyboard */; };
		52C63E232856F55A00D5AF6C /* Assets.xcassets in Resources */ = {isa = PBXBuildFile; fileRef = 52C63E222856F55A00D5AF6C /* Assets.xcassets */; };
		52C63E262856F55A00D5AF6C /* LaunchScreen.storyboard in Resources */ = {isa = PBXBuildFile; fileRef = 52C63E242856F55A00D5AF6C /* LaunchScreen.storyboard */; };
		52FF356D2856F83400A86E5D /* HomeVC.swift in Sources */ = {isa = PBXBuildFile; fileRef = 52FF356C2856F83400A86E5D /* HomeVC.swift */; };
		52FF356F2856F85000A86E5D /* HomeVM.swift in Sources */ = {isa = PBXBuildFile; fileRef = 52FF356E2856F85000A86E5D /* HomeVM.swift */; };
		52FF35722856F91900A86E5D /* StockModel.swift in Sources */ = {isa = PBXBuildFile; fileRef = 52FF35712856F91900A86E5D /* StockModel.swift */; };
/* End PBXBuildFile section */

/* Begin PBXFileReference section */
		5236BEB82856FE8B00466960 /* APIRouter.swift */ = {isa = PBXFileReference; lastKnownFileType = sourcecode.swift; path = APIRouter.swift; sourceTree = "<group>"; };
		5236BEBA2856FECF00466960 /* APIManager.swift */ = {isa = PBXFileReference; lastKnownFileType = sourcecode.swift; path = APIManager.swift; sourceTree = "<group>"; };
		5236BEBD2857030200466960 /* HomeAPIManager.swift */ = {isa = PBXFileReference; lastKnownFileType = sourcecode.swift; path = HomeAPIManager.swift; sourceTree = "<group>"; };
		5236BEBF2857248700466960 /* NewsModel.swift */ = {isa = PBXFileReference; lastKnownFileType = sourcecode.swift; path = NewsModel.swift; sourceTree = "<group>"; };
		5236BECC2857667100466960 /* StockCell.swift */ = {isa = PBXFileReference; lastKnownFileType = sourcecode.swift; path = StockCell.swift; sourceTree = "<group>"; };
		5236BECE285766CD00466960 /* StockCell.xib */ = {isa = PBXFileReference; lastKnownFileType = file.xib; path = StockCell.xib; sourceTree = "<group>"; };
		5236BED128576AFE00466960 /* UIViewAppExt.swift */ = {isa = PBXFileReference; lastKnownFileType = sourcecode.swift; path = UIViewAppExt.swift; sourceTree = "<group>"; };
		5236BED428576C2200466960 /* HeadLineNewsCell.swift */ = {isa = PBXFileReference; lastKnownFileType = sourcecode.swift; name = HeadLineNewsCell.swift; path = StockTickers/Cells/Home/HeadLineNewsCell/HeadLineNewsCell.swift; sourceTree = SOURCE_ROOT; };
		5236BED628576CB600466960 /* DateAppExt.swift */ = {isa = PBXFileReference; lastKnownFileType = sourcecode.swift; path = DateAppExt.swift; sourceTree = "<group>"; };
		5236BED828576D7F00466960 /* HeadLineNewsCell.xib */ = {isa = PBXFileReference; lastKnownFileType = file.xib; name = HeadLineNewsCell.xib; path = StockTickers/Cells/Home/HeadLineNewsCell/HeadLineNewsCell.xib; sourceTree = SOURCE_ROOT; };
		5236BEDB28577DD000466960 /* NewsCell.swift */ = {isa = PBXFileReference; lastKnownFileType = sourcecode.swift; path = NewsCell.swift; sourceTree = "<group>"; };
		5236BEDD2857816500466960 /* NewsCell.xib */ = {isa = PBXFileReference; lastKnownFileType = file.xib; path = NewsCell.xib; sourceTree = "<group>"; };
		52800C21285834F900CBA7A1 /* ArrayAppExt.swift */ = {isa = PBXFileReference; lastKnownFileType = sourcecode.swift; path = ArrayAppExt.swift; sourceTree = "<group>"; };
		52800C242858351F00CBA7A1 /* DecodableAppExt.swift */ = {isa = PBXFileReference; lastKnownFileType = sourcecode.swift; path = DecodableAppExt.swift; sourceTree = "<group>"; };
		52800C262858377400CBA7A1 /* README.md */ = {isa = PBXFileReference; lastKnownFileType = net.daringfireball.markdown; path = README.md; sourceTree = "<group>"; };
		52800C2728583B6A00CBA7A1 /* UIViewControllerAppExt.swift */ = {isa = PBXFileReference; lastKnownFileType = sourcecode.swift; path = UIViewControllerAppExt.swift; sourceTree = "<group>"; };
		52C63E162856F55500D5AF6C /* StockTickers.app */ = {isa = PBXFileReference; explicitFileType = wrapper.application; includeInIndex = 0; path = StockTickers.app; sourceTree = BUILT_PRODUCTS_DIR; };
		52C63E192856F55500D5AF6C /* AppDelegate.swift */ = {isa = PBXFileReference; lastKnownFileType = sourcecode.swift; path = AppDelegate.swift; sourceTree = "<group>"; };
		52C63E1B2856F55500D5AF6C /* SceneDelegate.swift */ = {isa = PBXFileReference; lastKnownFileType = sourcecode.swift; path = SceneDelegate.swift; sourceTree = "<group>"; };
		52C63E1D2856F55500D5AF6C /* ViewController.swift */ = {isa = PBXFileReference; lastKnownFileType = sourcecode.swift; path = ViewController.swift; sourceTree = "<group>"; };
		52C63E202856F55500D5AF6C /* Base */ = {isa = PBXFileReference; lastKnownFileType = file.storyboard; name = Base; path = Base.lproj/Main.storyboard; sourceTree = "<group>"; };
		52C63E222856F55A00D5AF6C /* Assets.xcassets */ = {isa = PBXFileReference; lastKnownFileType = folder.assetcatalog; path = Assets.xcassets; sourceTree = "<group>"; };
		52C63E252856F55A00D5AF6C /* Base */ = {isa = PBXFileReference; lastKnownFileType = file.storyboard; name = Base; path = Base.lproj/LaunchScreen.storyboard; sourceTree = "<group>"; };
		52C63E272856F55A00D5AF6C /* Info.plist */ = {isa = PBXFileReference; lastKnownFileType = text.plist.xml; path = Info.plist; sourceTree = "<group>"; };
		52FF356C2856F83400A86E5D /* HomeVC.swift */ = {isa = PBXFileReference; lastKnownFileType = sourcecode.swift; path = HomeVC.swift; sourceTree = "<group>"; };
		52FF356E2856F85000A86E5D /* HomeVM.swift */ = {isa = PBXFileReference; lastKnownFileType = sourcecode.swift; path = HomeVM.swift; sourceTree = "<group>"; };
		52FF35712856F91900A86E5D /* StockModel.swift */ = {isa = PBXFileReference; lastKnownFileType = sourcecode.swift; path = StockModel.swift; sourceTree = "<group>"; };
		6F3819FFC153C97F879934AE /* Pods-StockTickers.debug.xcconfig */ = {isa = PBXFileReference; includeInIndex = 1; lastKnownFileType = text.xcconfig; name = "Pods-StockTickers.debug.xcconfig"; path = "Target Support Files/Pods-StockTickers/Pods-StockTickers.debug.xcconfig"; sourceTree = "<group>"; };
		90A6B569093D41D41B187762 /* Pods-StockTickers.release.xcconfig */ = {isa = PBXFileReference; includeInIndex = 1; lastKnownFileType = text.xcconfig; name = "Pods-StockTickers.release.xcconfig"; path = "Target Support Files/Pods-StockTickers/Pods-StockTickers.release.xcconfig"; sourceTree = "<group>"; };
		C3260F8528B6031BBAD81ABF /* Pods_StockTickers.framework */ = {isa = PBXFileReference; explicitFileType = wrapper.framework; includeInIndex = 0; path = Pods_StockTickers.framework; sourceTree = BUILT_PRODUCTS_DIR; };
/* End PBXFileReference section */

/* Begin PBXFrameworksBuildPhase section */
		52C63E132856F55500D5AF6C /* Frameworks */ = {
			isa = PBXFrameworksBuildPhase;
			buildActionMask = 2147483647;
			files = (
				35E785F6F983995573C4A8F5 /* Pods_StockTickers.framework in Frameworks */,
			);
			runOnlyForDeploymentPostprocessing = 0;
		};
/* End PBXFrameworksBuildPhase section */

/* Begin PBXGroup section */
		3871926E1611D4CA8330084A /* Pods */ = {
			isa = PBXGroup;
			children = (
				6F3819FFC153C97F879934AE /* Pods-StockTickers.debug.xcconfig */,
				90A6B569093D41D41B187762 /* Pods-StockTickers.release.xcconfig */,
			);
			path = Pods;
			sourceTree = "<group>";
		};
		5236BEB72856FE7900466960 /* APIManager */ = {
			isa = PBXGroup;
			children = (
				5236BEBC285702EE00466960 /* Home */,
				5236BEB82856FE8B00466960 /* APIRouter.swift */,
				5236BEBA2856FECF00466960 /* APIManager.swift */,
			);
			path = APIManager;
			sourceTree = "<group>";
		};
		5236BEBC285702EE00466960 /* Home */ = {
			isa = PBXGroup;
			children = (
				5236BEBD2857030200466960 /* HomeAPIManager.swift */,
			);
			path = Home;
			sourceTree = "<group>";
		};
		5236BEC92857655600466960 /* Cells */ = {
			isa = PBXGroup;
			children = (
				5236BECA2857655C00466960 /* Home */,
			);
			path = Cells;
			sourceTree = "<group>";
		};
		5236BECA2857655C00466960 /* Home */ = {
			isa = PBXGroup;
			children = (
				5236BEDA28577DA300466960 /* NewsCell */,
				5236BED328576C1100466960 /* HeadLineNewsCell */,
				5236BECB2857661300466960 /* StockCell */,
			);
			path = Home;
			sourceTree = "<group>";
		};
		5236BECB2857661300466960 /* StockCell */ = {
			isa = PBXGroup;
			children = (
				5236BECC2857667100466960 /* StockCell.swift */,
				5236BECE285766CD00466960 /* StockCell.xib */,
			);
			path = StockCell;
			sourceTree = "<group>";
		};
		5236BED028576AEF00466960 /* AppExt */ = {
			isa = PBXGroup;
			children = (
				5236BED128576AFE00466960 /* UIViewAppExt.swift */,
				5236BED628576CB600466960 /* DateAppExt.swift */,
				52800C21285834F900CBA7A1 /* ArrayAppExt.swift */,
				52800C242858351F00CBA7A1 /* DecodableAppExt.swift */,
				52800C2728583B6A00CBA7A1 /* UIViewControllerAppExt.swift */,
			);
			path = AppExt;
			sourceTree = "<group>";
		};
		5236BED328576C1100466960 /* HeadLineNewsCell */ = {
			isa = PBXGroup;
			children = (
				5236BED428576C2200466960 /* HeadLineNewsCell.swift */,
				5236BED828576D7F00466960 /* HeadLineNewsCell.xib */,
			);
			path = HeadLineNewsCell;
			sourceTree = "<group>";
		};
		5236BEDA28577DA300466960 /* NewsCell */ = {
			isa = PBXGroup;
			children = (
				5236BEDB28577DD000466960 /* NewsCell.swift */,
				5236BEDD2857816500466960 /* NewsCell.xib */,
			);
			path = NewsCell;
			sourceTree = "<group>";
		};
		52C63E0D2856F55500D5AF6C = {
			isa = PBXGroup;
			children = (
				52800C262858377400CBA7A1 /* README.md */,
				52C63E182856F55500D5AF6C /* StockTickers */,
				52C63E172856F55500D5AF6C /* Products */,
				3871926E1611D4CA8330084A /* Pods */,
				D55B29591B36081CFC3A6811 /* Frameworks */,
			);
			sourceTree = "<group>";
		};
		52C63E172856F55500D5AF6C /* Products */ = {
			isa = PBXGroup;
			children = (
				52C63E162856F55500D5AF6C /* StockTickers.app */,
			);
			name = Products;
			sourceTree = "<group>";
		};
		52C63E182856F55500D5AF6C /* StockTickers */ = {
			isa = PBXGroup;
			children = (
				5236BED028576AEF00466960 /* AppExt */,
				5236BEC92857655600466960 /* Cells */,
				5236BEB72856FE7900466960 /* APIManager */,
				52FF35702856F90600A86E5D /* Models */,
				52FF356B2856F82500A86E5D /* Home */,
				52C63E192856F55500D5AF6C /* AppDelegate.swift */,
				52C63E1B2856F55500D5AF6C /* SceneDelegate.swift */,
				52C63E1D2856F55500D5AF6C /* ViewController.swift */,
				52C63E1F2856F55500D5AF6C /* Main.storyboard */,
				52C63E222856F55A00D5AF6C /* Assets.xcassets */,
				52C63E242856F55A00D5AF6C /* LaunchScreen.storyboard */,
				52C63E272856F55A00D5AF6C /* Info.plist */,
			);
			path = StockTickers;
			sourceTree = "<group>";
		};
		52FF356B2856F82500A86E5D /* Home */ = {
			isa = PBXGroup;
			children = (
				52FF356C2856F83400A86E5D /* HomeVC.swift */,
				52FF356E2856F85000A86E5D /* HomeVM.swift */,
			);
			path = Home;
			sourceTree = "<group>";
		};
		52FF35702856F90600A86E5D /* Models */ = {
			isa = PBXGroup;
			children = (
				52FF35712856F91900A86E5D /* StockModel.swift */,
				5236BEBF2857248700466960 /* NewsModel.swift */,
			);
			path = Models;
			sourceTree = "<group>";
		};
		D55B29591B36081CFC3A6811 /* Frameworks */ = {
			isa = PBXGroup;
			children = (
				C3260F8528B6031BBAD81ABF /* Pods_StockTickers.framework */,
			);
			name = Frameworks;
			sourceTree = "<group>";
		};
/* End PBXGroup section */

/* Begin PBXNativeTarget section */
		52C63E152856F55500D5AF6C /* StockTickers */ = {
			isa = PBXNativeTarget;
			buildConfigurationList = 52C63E2A2856F55A00D5AF6C /* Build configuration list for PBXNativeTarget "StockTickers" */;
			buildPhases = (
				709CA15B8C95DBA37DFA0DBF /* [CP] Check Pods Manifest.lock */,
				52C63E122856F55500D5AF6C /* Sources */,
				52C63E132856F55500D5AF6C /* Frameworks */,
				52C63E142856F55500D5AF6C /* Resources */,
				F8289DA95AFFDAA56FDC37D3 /* [CP] Embed Pods Frameworks */,
			);
			buildRules = (
			);
			dependencies = (
			);
			name = StockTickers;
			productName = StockTickers;
			productReference = 52C63E162856F55500D5AF6C /* StockTickers.app */;
			productType = "com.apple.product-type.application";
		};
/* End PBXNativeTarget section */

/* Begin PBXProject section */
		52C63E0E2856F55500D5AF6C /* Project object */ = {
			isa = PBXProject;
			attributes = {
				BuildIndependentTargetsInParallel = 1;
				LastSwiftUpdateCheck = 1320;
				LastUpgradeCheck = 1320;
				TargetAttributes = {
					52C63E152856F55500D5AF6C = {
						CreatedOnToolsVersion = 13.2.1;
					};
				};
			};
			buildConfigurationList = 52C63E112856F55500D5AF6C /* Build configuration list for PBXProject "StockTickers" */;
			compatibilityVersion = "Xcode 13.0";
			developmentRegion = en;
			hasScannedForEncodings = 0;
			knownRegions = (
				en,
				Base,
			);
			mainGroup = 52C63E0D2856F55500D5AF6C;
			productRefGroup = 52C63E172856F55500D5AF6C /* Products */;
			projectDirPath = "";
			projectRoot = "";
			targets = (
				52C63E152856F55500D5AF6C /* StockTickers */,
			);
		};
/* End PBXProject section */

/* Begin PBXResourcesBuildPhase section */
		52C63E142856F55500D5AF6C /* Resources */ = {
			isa = PBXResourcesBuildPhase;
			buildActionMask = 2147483647;
			files = (
				5236BEDE2857816500466960 /* NewsCell.xib in Resources */,
				52C63E262856F55A00D5AF6C /* LaunchScreen.storyboard in Resources */,
				5236BED928576D7F00466960 /* HeadLineNewsCell.xib in Resources */,
				52C63E232856F55A00D5AF6C /* Assets.xcassets in Resources */,
				5236BECF285766CD00466960 /* StockCell.xib in Resources */,
				52C63E212856F55500D5AF6C /* Main.storyboard in Resources */,
			);
			runOnlyForDeploymentPostprocessing = 0;
		};
/* End PBXResourcesBuildPhase section */

/* Begin PBXShellScriptBuildPhase section */
		709CA15B8C95DBA37DFA0DBF /* [CP] Check Pods Manifest.lock */ = {
			isa = PBXShellScriptBuildPhase;
			buildActionMask = 2147483647;
			files = (
			);
			inputFileListPaths = (
			);
			inputPaths = (
				"${PODS_PODFILE_DIR_PATH}/Podfile.lock",
				"${PODS_ROOT}/Manifest.lock",
			);
			name = "[CP] Check Pods Manifest.lock";
			outputFileListPaths = (
			);
			outputPaths = (
				"$(DERIVED_FILE_DIR)/Pods-StockTickers-checkManifestLockResult.txt",
			);
			runOnlyForDeploymentPostprocessing = 0;
			shellPath = /bin/sh;
			shellScript = "diff \"${PODS_PODFILE_DIR_PATH}/Podfile.lock\" \"${PODS_ROOT}/Manifest.lock\" > /dev/null\nif [ $? != 0 ] ; then\n    # print error to STDERR\n    echo \"error: The sandbox is not in sync with the Podfile.lock. Run 'pod install' or update your CocoaPods installation.\" >&2\n    exit 1\nfi\n# This output is used by Xcode 'outputs' to avoid re-running this script phase.\necho \"SUCCESS\" > \"${SCRIPT_OUTPUT_FILE_0}\"\n";
			showEnvVarsInLog = 0;
		};
		F8289DA95AFFDAA56FDC37D3 /* [CP] Embed Pods Frameworks */ = {
			isa = PBXShellScriptBuildPhase;
			buildActionMask = 2147483647;
			files = (
			);
			inputFileListPaths = (
				"${PODS_ROOT}/Target Support Files/Pods-StockTickers/Pods-StockTickers-frameworks-${CONFIGURATION}-input-files.xcfilelist",
			);
			name = "[CP] Embed Pods Frameworks";
			outputFileListPaths = (
				"${PODS_ROOT}/Target Support Files/Pods-StockTickers/Pods-StockTickers-frameworks-${CONFIGURATION}-output-files.xcfilelist",
			);
			runOnlyForDeploymentPostprocessing = 0;
			shellPath = /bin/sh;
			shellScript = "\"${PODS_ROOT}/Target Support Files/Pods-StockTickers/Pods-StockTickers-frameworks.sh\"\n";
			showEnvVarsInLog = 0;
		};
/* End PBXShellScriptBuildPhase section */

/* Begin PBXSourcesBuildPhase section */
		52C63E122856F55500D5AF6C /* Sources */ = {
			isa = PBXSourcesBuildPhase;
			buildActionMask = 2147483647;
			files = (
				5236BED228576AFE00466960 /* UIViewAppExt.swift in Sources */,
				5236BEBB2856FECF00466960 /* APIManager.swift in Sources */,
				5236BEB92856FE8B00466960 /* APIRouter.swift in Sources */,
				5236BEBE2857030200466960 /* HomeAPIManager.swift in Sources */,
				5236BEDC28577DD000466960 /* NewsCell.swift in Sources */,
				52C63E1E2856F55500D5AF6C /* ViewController.swift in Sources */,
				5236BECD2857667100466960 /* StockCell.swift in Sources */,
				5236BEC02857248700466960 /* NewsModel.swift in Sources */,
				52800C2828583B6A00CBA7A1 /* UIViewControllerAppExt.swift in Sources */,
				52800C252858351F00CBA7A1 /* DecodableAppExt.swift in Sources */,
				52FF356F2856F85000A86E5D /* HomeVM.swift in Sources */,
				52FF35722856F91900A86E5D /* StockModel.swift in Sources */,
				52FF356D2856F83400A86E5D /* HomeVC.swift in Sources */,
				52C63E1A2856F55500D5AF6C /* AppDelegate.swift in Sources */,
				5236BED728576CB600466960 /* DateAppExt.swift in Sources */,
				52800C22285834F900CBA7A1 /* ArrayAppExt.swift in Sources */,
				52C63E1C2856F55500D5AF6C /* SceneDelegate.swift in Sources */,
				5236BED528576C2200466960 /* HeadLineNewsCell.swift in Sources */,
			);
			runOnlyForDeploymentPostprocessing = 0;
		};
/* End PBXSourcesBuildPhase section */

/* Begin PBXVariantGroup section */
		52C63E1F2856F55500D5AF6C /* Main.storyboard */ = {
			isa = PBXVariantGroup;
			children = (
				52C63E202856F55500D5AF6C /* Base */,
			);
			name = Main.storyboard;
			sourceTree = "<group>";
		};
		52C63E242856F55A00D5AF6C /* LaunchScreen.storyboard */ = {
			isa = PBXVariantGroup;
			children = (
				52C63E252856F55A00D5AF6C /* Base */,
			);
			name = LaunchScreen.storyboard;
			sourceTree = "<group>";
		};
/* End PBXVariantGroup section */

/* Begin XCBuildConfiguration section */
		52C63E282856F55A00D5AF6C /* Debug */ = {
			isa = XCBuildConfiguration;
			buildSettings = {
				ALWAYS_SEARCH_USER_PATHS = NO;
				CLANG_ANALYZER_NONNULL = YES;
				CLANG_ANALYZER_NUMBER_OBJECT_CONVERSION = YES_AGGRESSIVE;
				CLANG_CXX_LANGUAGE_STANDARD = "gnu++17";
				CLANG_CXX_LIBRARY = "libc++";
				CLANG_ENABLE_MODULES = YES;
				CLANG_ENABLE_OBJC_ARC = YES;
				CLANG_ENABLE_OBJC_WEAK = YES;
				CLANG_WARN_BLOCK_CAPTURE_AUTORELEASING = YES;
				CLANG_WARN_BOOL_CONVERSION = YES;
				CLANG_WARN_COMMA = YES;
				CLANG_WARN_CONSTANT_CONVERSION = YES;
				CLANG_WARN_DEPRECATED_OBJC_IMPLEMENTATIONS = YES;
				CLANG_WARN_DIRECT_OBJC_ISA_USAGE = YES_ERROR;
				CLANG_WARN_DOCUMENTATION_COMMENTS = YES;
				CLANG_WARN_EMPTY_BODY = YES;
				CLANG_WARN_ENUM_CONVERSION = YES;
				CLANG_WARN_INFINITE_RECURSION = YES;
				CLANG_WARN_INT_CONVERSION = YES;
				CLANG_WARN_NON_LITERAL_NULL_CONVERSION = YES;
				CLANG_WARN_OBJC_IMPLICIT_RETAIN_SELF = YES;
				CLANG_WARN_OBJC_LITERAL_CONVERSION = YES;
				CLANG_WARN_OBJC_ROOT_CLASS = YES_ERROR;
				CLANG_WARN_QUOTED_INCLUDE_IN_FRAMEWORK_HEADER = YES;
				CLANG_WARN_RANGE_LOOP_ANALYSIS = YES;
				CLANG_WARN_STRICT_PROTOTYPES = YES;
				CLANG_WARN_SUSPICIOUS_MOVE = YES;
				CLANG_WARN_UNGUARDED_AVAILABILITY = YES_AGGRESSIVE;
				CLANG_WARN_UNREACHABLE_CODE = YES;
				CLANG_WARN__DUPLICATE_METHOD_MATCH = YES;
				COPY_PHASE_STRIP = NO;
				DEBUG_INFORMATION_FORMAT = dwarf;
				ENABLE_STRICT_OBJC_MSGSEND = YES;
				ENABLE_TESTABILITY = YES;
				GCC_C_LANGUAGE_STANDARD = gnu11;
				GCC_DYNAMIC_NO_PIC = NO;
				GCC_NO_COMMON_BLOCKS = YES;
				GCC_OPTIMIZATION_LEVEL = 0;
				GCC_PREPROCESSOR_DEFINITIONS = (
					"DEBUG=1",
					"$(inherited)",
				);
				GCC_WARN_64_TO_32_BIT_CONVERSION = YES;
				GCC_WARN_ABOUT_RETURN_TYPE = YES_ERROR;
				GCC_WARN_UNDECLARED_SELECTOR = YES;
				GCC_WARN_UNINITIALIZED_AUTOS = YES_AGGRESSIVE;
				GCC_WARN_UNUSED_FUNCTION = YES;
				GCC_WARN_UNUSED_VARIABLE = YES;
				IPHONEOS_DEPLOYMENT_TARGET = 13.0;
				MTL_ENABLE_DEBUG_INFO = INCLUDE_SOURCE;
				MTL_FAST_MATH = YES;
				ONLY_ACTIVE_ARCH = YES;
				SDKROOT = iphoneos;
				SWIFT_ACTIVE_COMPILATION_CONDITIONS = DEBUG;
				SWIFT_OPTIMIZATION_LEVEL = "-Onone";
			};
			name = Debug;
		};
		52C63E292856F55A00D5AF6C /* Release */ = {
			isa = XCBuildConfiguration;
			buildSettings = {
				ALWAYS_SEARCH_USER_PATHS = NO;
				CLANG_ANALYZER_NONNULL = YES;
				CLANG_ANALYZER_NUMBER_OBJECT_CONVERSION = YES_AGGRESSIVE;
				CLANG_CXX_LANGUAGE_STANDARD = "gnu++17";
				CLANG_CXX_LIBRARY = "libc++";
				CLANG_ENABLE_MODULES = YES;
				CLANG_ENABLE_OBJC_ARC = YES;
				CLANG_ENABLE_OBJC_WEAK = YES;
				CLANG_WARN_BLOCK_CAPTURE_AUTORELEASING = YES;
				CLANG_WARN_BOOL_CONVERSION = YES;
				CLANG_WARN_COMMA = YES;
				CLANG_WARN_CONSTANT_CONVERSION = YES;
				CLANG_WARN_DEPRECATED_OBJC_IMPLEMENTATIONS = YES;
				CLANG_WARN_DIRECT_OBJC_ISA_USAGE = YES_ERROR;
				CLANG_WARN_DOCUMENTATION_COMMENTS = YES;
				CLANG_WARN_EMPTY_BODY = YES;
				CLANG_WARN_ENUM_CONVERSION = YES;
				CLANG_WARN_INFINITE_RECURSION = YES;
				CLANG_WARN_INT_CONVERSION = YES;
				CLANG_WARN_NON_LITERAL_NULL_CONVERSION = YES;
				CLANG_WARN_OBJC_IMPLICIT_RETAIN_SELF = YES;
				CLANG_WARN_OBJC_LITERAL_CONVERSION = YES;
				CLANG_WARN_OBJC_ROOT_CLASS = YES_ERROR;
				CLANG_WARN_QUOTED_INCLUDE_IN_FRAMEWORK_HEADER = YES;
				CLANG_WARN_RANGE_LOOP_ANALYSIS = YES;
				CLANG_WARN_STRICT_PROTOTYPES = YES;
				CLANG_WARN_SUSPICIOUS_MOVE = YES;
				CLANG_WARN_UNGUARDED_AVAILABILITY = YES_AGGRESSIVE;
				CLANG_WARN_UNREACHABLE_CODE = YES;
				CLANG_WARN__DUPLICATE_METHOD_MATCH = YES;
				COPY_PHASE_STRIP = NO;
				DEBUG_INFORMATION_FORMAT = "dwarf-with-dsym";
				ENABLE_NS_ASSERTIONS = NO;
				ENABLE_STRICT_OBJC_MSGSEND = YES;
				GCC_C_LANGUAGE_STANDARD = gnu11;
				GCC_NO_COMMON_BLOCKS = YES;
				GCC_WARN_64_TO_32_BIT_CONVERSION = YES;
				GCC_WARN_ABOUT_RETURN_TYPE = YES_ERROR;
				GCC_WARN_UNDECLARED_SELECTOR = YES;
				GCC_WARN_UNINITIALIZED_AUTOS = YES_AGGRESSIVE;
				GCC_WARN_UNUSED_FUNCTION = YES;
				GCC_WARN_UNUSED_VARIABLE = YES;
				IPHONEOS_DEPLOYMENT_TARGET = 13.0;
				MTL_ENABLE_DEBUG_INFO = NO;
				MTL_FAST_MATH = YES;
				SDKROOT = iphoneos;
				SWIFT_COMPILATION_MODE = wholemodule;
				SWIFT_OPTIMIZATION_LEVEL = "-O";
				VALIDATE_PRODUCT = YES;
			};
			name = Release;
		};
		52C63E2B2856F55A00D5AF6C /* Debug */ = {
			isa = XCBuildConfiguration;
			baseConfigurationReference = 6F3819FFC153C97F879934AE /* Pods-StockTickers.debug.xcconfig */;
			buildSettings = {
				ASSETCATALOG_COMPILER_APPICON_NAME = AppIcon;
				ASSETCATALOG_COMPILER_GLOBAL_ACCENT_COLOR_NAME = AccentColor;
				CODE_SIGN_STYLE = Automatic;
				CURRENT_PROJECT_VERSION = 1;
				DEVELOPMENT_TEAM = 352DGVFV4S;
				GENERATE_INFOPLIST_FILE = YES;
				INFOPLIST_FILE = StockTickers/Info.plist;
				INFOPLIST_KEY_UIApplicationSupportsIndirectInputEvents = YES;
				INFOPLIST_KEY_UILaunchStoryboardName = LaunchScreen;
				INFOPLIST_KEY_UIMainStoryboardFile = Main;
				INFOPLIST_KEY_UISupportedInterfaceOrientations_iPad = "UIInterfaceOrientationPortrait UIInterfaceOrientationPortraitUpsideDown UIInterfaceOrientationLandscapeLeft UIInterfaceOrientationLandscapeRight";
				INFOPLIST_KEY_UISupportedInterfaceOrientations_iPhone = "UIInterfaceOrientationPortrait UIInterfaceOrientationLandscapeLeft UIInterfaceOrientationLandscapeRight";
				LD_RUNPATH_SEARCH_PATHS = (
					"$(inherited)",
					"@executable_path/Frameworks",
				);
				MARKETING_VERSION = 1.0;
				PRODUCT_BUNDLE_IDENTIFIER = com.khvv.StockTickers;
				PRODUCT_NAME = "$(TARGET_NAME)";
				SWIFT_EMIT_LOC_STRINGS = YES;
				SWIFT_VERSION = 5.0;
				TARGETED_DEVICE_FAMILY = "1,2";
			};
			name = Debug;
		};
		52C63E2C2856F55A00D5AF6C /* Release */ = {
			isa = XCBuildConfiguration;
			baseConfigurationReference = 90A6B569093D41D41B187762 /* Pods-StockTickers.release.xcconfig */;
			buildSettings = {
				ASSETCATALOG_COMPILER_APPICON_NAME = AppIcon;
				ASSETCATALOG_COMPILER_GLOBAL_ACCENT_COLOR_NAME = AccentColor;
				CODE_SIGN_STYLE = Automatic;
				CURRENT_PROJECT_VERSION = 1;
				DEVELOPMENT_TEAM = 352DGVFV4S;
				GENERATE_INFOPLIST_FILE = YES;
				INFOPLIST_FILE = StockTickers/Info.plist;
				INFOPLIST_KEY_UIApplicationSupportsIndirectInputEvents = YES;
				INFOPLIST_KEY_UILaunchStoryboardName = LaunchScreen;
				INFOPLIST_KEY_UIMainStoryboardFile = Main;
				INFOPLIST_KEY_UISupportedInterfaceOrientations_iPad = "UIInterfaceOrientationPortrait UIInterfaceOrientationPortraitUpsideDown UIInterfaceOrientationLandscapeLeft UIInterfaceOrientationLandscapeRight";
				INFOPLIST_KEY_UISupportedInterfaceOrientations_iPhone = "UIInterfaceOrientationPortrait UIInterfaceOrientationLandscapeLeft UIInterfaceOrientationLandscapeRight";
				LD_RUNPATH_SEARCH_PATHS = (
					"$(inherited)",
					"@executable_path/Frameworks",
				);
				MARKETING_VERSION = 1.0;
				PRODUCT_BUNDLE_IDENTIFIER = com.khvv.StockTickers;
				PRODUCT_NAME = "$(TARGET_NAME)";
				SWIFT_EMIT_LOC_STRINGS = YES;
				SWIFT_VERSION = 5.0;
				TARGETED_DEVICE_FAMILY = "1,2";
			};
			name = Release;
		};
/* End XCBuildConfiguration section */

/* Begin XCConfigurationList section */
		52C63E112856F55500D5AF6C /* Build configuration list for PBXProject "StockTickers" */ = {
			isa = XCConfigurationList;
			buildConfigurations = (
				52C63E282856F55A00D5AF6C /* Debug */,
				52C63E292856F55A00D5AF6C /* Release */,
			);
			defaultConfigurationIsVisible = 0;
			defaultConfigurationName = Release;
		};
		52C63E2A2856F55A00D5AF6C /* Build configuration list for PBXNativeTarget "StockTickers" */ = {
			isa = XCConfigurationList;
			buildConfigurations = (
				52C63E2B2856F55A00D5AF6C /* Debug */,
				52C63E2C2856F55A00D5AF6C /* Release */,
			);
			defaultConfigurationIsVisible = 0;
			defaultConfigurationName = Release;
		};
/* End XCConfigurationList section */
	};
	rootObject = 52C63E0E2856F55500D5AF6C /* Project object */;
}
